// !$*UTF8*$!
{
	archiveVersion = 1;
	classes = {
	};
	objectVersion = 56;
	objects = {

/* Begin PBXBuildFile section */
		4343C0BA2C8825FF0044ECCA /* aApp.swift in Sources */ = {isa = PBXBuildFile; fileRef = 4343C0B92C8825FF0044ECCA /* aApp.swift */; };
		4343C0BC2C8825FF0044ECCA /* ContentView.swift in Sources */ = {isa = PBXBuildFile; fileRef = 4343C0BB2C8825FF0044ECCA /* ContentView.swift */; };
		4343C0BE2C8826020044ECCA /* Assets.xcassets in Resources */ = {isa = PBXBuildFile; fileRef = 4343C0BD2C8826020044ECCA /* Assets.xcassets */; };
		4343C0C22C8826020044ECCA /* Preview Assets.xcassets in Resources */ = {isa = PBXBuildFile; fileRef = 4343C0C12C8826020044ECCA /* Preview Assets.xcassets */; };
		4343C0CC2C8826020044ECCA /* aTests.swift in Sources */ = {isa = PBXBuildFile; fileRef = 4343C0CB2C8826020044ECCA /* aTests.swift */; };
		4343C0D62C8826020044ECCA /* aUITests.swift in Sources */ = {isa = PBXBuildFile; fileRef = 4343C0D52C8826020044ECCA /* aUITests.swift */; };
		4343C0D82C8826020044ECCA /* aUITestsLaunchTests.swift in Sources */ = {isa = PBXBuildFile; fileRef = 4343C0D72C8826020044ECCA /* aUITestsLaunchTests.swift */; };
		4343C0E52C88F35D0044ECCA /* EmployeeView.swift in Sources */ = {isa = PBXBuildFile; fileRef = 4343C0E42C88F35D0044ECCA /* EmployeeView.swift */; };
		4343C0E72C88F3A00044ECCA /* ManagerView.swift in Sources */ = {isa = PBXBuildFile; fileRef = 4343C0E62C88F3A00044ECCA /* ManagerView.swift */; };
		4343C0E92C88F3FF0044ECCA /* RequestTimeOffView.swift in Sources */ = {isa = PBXBuildFile; fileRef = 4343C0E82C88F3FF0044ECCA /* RequestTimeOffView.swift */; };
		4343C0EB2C88F4530044ECCA /* CheckBalanceView.swift in Sources */ = {isa = PBXBuildFile; fileRef = 4343C0EA2C88F4530044ECCA /* CheckBalanceView.swift */; };
		4343C0ED2C88F4800044ECCA /* AbsenceHistoryView.swift in Sources */ = {isa = PBXBuildFile; fileRef = 4343C0EC2C88F4800044ECCA /* AbsenceHistoryView.swift */; };
		4343C0EF2C88F4AB0044ECCA /* ApproveRequestsView.swift in Sources */ = {isa = PBXBuildFile; fileRef = 4343C0EE2C88F4AB0044ECCA /* ApproveRequestsView.swift */; };
		4343C0F12C88F4D00044ECCA /* ViewAbsencesView.swift in Sources */ = {isa = PBXBuildFile; fileRef = 4343C0F02C88F4D00044ECCA /* ViewAbsencesView.swift */; };
		4343C0F32C88F4F20044ECCA /* EmployeeDetailsView.swift in Sources */ = {isa = PBXBuildFile; fileRef = 4343C0F22C88F4F20044ECCA /* EmployeeDetailsView.swift */; };
/* End PBXBuildFile section */

/* Begin PBXContainerItemProxy section */
		4343C0C82C8826020044ECCA /* PBXContainerItemProxy */ = {
			isa = PBXContainerItemProxy;
			containerPortal = 4343C0AE2C8825FF0044ECCA /* Project object */;
			proxyType = 1;
			remoteGlobalIDString = 4343C0B52C8825FF0044ECCA;
			remoteInfo = a;
		};
		4343C0D22C8826020044ECCA /* PBXContainerItemProxy */ = {
			isa = PBXContainerItemProxy;
			containerPortal = 4343C0AE2C8825FF0044ECCA /* Project object */;
			proxyType = 1;
			remoteGlobalIDString = 4343C0B52C8825FF0044ECCA;
			remoteInfo = a;
		};
/* End PBXContainerItemProxy section */

/* Begin PBXFileReference section */
		4343C0B62C8825FF0044ECCA /* a.app */ = {isa = PBXFileReference; explicitFileType = wrapper.application; includeInIndex = 0; path = a.app; sourceTree = BUILT_PRODUCTS_DIR; };
		4343C0B92C8825FF0044ECCA /* aApp.swift */ = {isa = PBXFileReference; lastKnownFileType = sourcecode.swift; path = aApp.swift; sourceTree = "<group>"; };
		4343C0BB2C8825FF0044ECCA /* ContentView.swift */ = {isa = PBXFileReference; lastKnownFileType = sourcecode.swift; path = ContentView.swift; sourceTree = "<group>"; usesTabs = 0; };
		4343C0BD2C8826020044ECCA /* Assets.xcassets */ = {isa = PBXFileReference; lastKnownFileType = folder.assetcatalog; path = Assets.xcassets; sourceTree = "<group>"; };
		4343C0BF2C8826020044ECCA /* a.entitlements */ = {isa = PBXFileReference; lastKnownFileType = text.plist.entitlements; path = a.entitlements; sourceTree = "<group>"; };
		4343C0C12C8826020044ECCA /* Preview Assets.xcassets */ = {isa = PBXFileReference; lastKnownFileType = folder.assetcatalog; path = "Preview Assets.xcassets"; sourceTree = "<group>"; };
		4343C0C72C8826020044ECCA /* aTests.xctest */ = {isa = PBXFileReference; explicitFileType = wrapper.cfbundle; includeInIndex = 0; path = aTests.xctest; sourceTree = BUILT_PRODUCTS_DIR; };
		4343C0CB2C8826020044ECCA /* aTests.swift */ = {isa = PBXFileReference; lastKnownFileType = sourcecode.swift; path = aTests.swift; sourceTree = "<group>"; };
		4343C0D12C8826020044ECCA /* aUITests.xctest */ = {isa = PBXFileReference; explicitFileType = wrapper.cfbundle; includeInIndex = 0; path = aUITests.xctest; sourceTree = BUILT_PRODUCTS_DIR; };
		4343C0D52C8826020044ECCA /* aUITests.swift */ = {isa = PBXFileReference; lastKnownFileType = sourcecode.swift; path = aUITests.swift; sourceTree = "<group>"; };
		4343C0D72C8826020044ECCA /* aUITestsLaunchTests.swift */ = {isa = PBXFileReference; lastKnownFileType = sourcecode.swift; path = aUITestsLaunchTests.swift; sourceTree = "<group>"; };
		4343C0E42C88F35D0044ECCA /* EmployeeView.swift */ = {isa = PBXFileReference; lastKnownFileType = sourcecode.swift; path = EmployeeView.swift; sourceTree = "<group>"; };
		4343C0E62C88F3A00044ECCA /* ManagerView.swift */ = {isa = PBXFileReference; lastKnownFileType = sourcecode.swift; path = ManagerView.swift; sourceTree = "<group>"; };
		4343C0E82C88F3FF0044ECCA /* RequestTimeOffView.swift */ = {isa = PBXFileReference; lastKnownFileType = sourcecode.swift; path = RequestTimeOffView.swift; sourceTree = "<group>"; };
		4343C0EA2C88F4530044ECCA /* CheckBalanceView.swift */ = {isa = PBXFileReference; lastKnownFileType = sourcecode.swift; path = CheckBalanceView.swift; sourceTree = "<group>"; };
		4343C0EC2C88F4800044ECCA /* AbsenceHistoryView.swift */ = {isa = PBXFileReference; lastKnownFileType = sourcecode.swift; path = AbsenceHistoryView.swift; sourceTree = "<group>"; };
		4343C0EE2C88F4AB0044ECCA /* ApproveRequestsView.swift */ = {isa = PBXFileReference; lastKnownFileType = sourcecode.swift; path = ApproveRequestsView.swift; sourceTree = "<group>"; };
		4343C0F02C88F4D00044ECCA /* ViewAbsencesView.swift */ = {isa = PBXFileReference; lastKnownFileType = sourcecode.swift; path = ViewAbsencesView.swift; sourceTree = "<group>"; };
		4343C0F22C88F4F20044ECCA /* EmployeeDetailsView.swift */ = {isa = PBXFileReference; lastKnownFileType = sourcecode.swift; path = EmployeeDetailsView.swift; sourceTree = "<group>"; };
/* End PBXFileReference section */

/* Begin PBXFrameworksBuildPhase section */
		4343C0B32C8825FF0044ECCA /* Frameworks */ = {
			isa = PBXFrameworksBuildPhase;
			buildActionMask = 2147483647;
			files = (
			);
			runOnlyForDeploymentPostprocessing = 0;
		};
		4343C0C42C8826020044ECCA /* Frameworks */ = {
			isa = PBXFrameworksBuildPhase;
			buildActionMask = 2147483647;
			files = (
			);
			runOnlyForDeploymentPostprocessing = 0;
		};
		4343C0CE2C8826020044ECCA /* Frameworks */ = {
			isa = PBXFrameworksBuildPhase;
			buildActionMask = 2147483647;
			files = (
			);
			runOnlyForDeploymentPostprocessing = 0;
		};
/* End PBXFrameworksBuildPhase section */

/* Begin PBXGroup section */
		4343C0AD2C8825FF0044ECCA = {
			isa = PBXGroup;
			children = (
				4343C0B82C8825FF0044ECCA /* a */,
				4343C0CA2C8826020044ECCA /* aTests */,
				4343C0D42C8826020044ECCA /* aUITests */,
				4343C0B72C8825FF0044ECCA /* Products */,
			);
			sourceTree = "<group>";
		};
		4343C0B72C8825FF0044ECCA /* Products */ = {
			isa = PBXGroup;
			children = (
				4343C0B62C8825FF0044ECCA /* a.app */,
				4343C0C72C8826020044ECCA /* aTests.xctest */,
				4343C0D12C8826020044ECCA /* aUITests.xctest */,
			);
			name = Products;
			sourceTree = "<group>";
		};
		4343C0B82C8825FF0044ECCA /* a */ = {
			isa = PBXGroup;
			children = (
				4343C0B92C8825FF0044ECCA /* aApp.swift */,
				4343C0BB2C8825FF0044ECCA /* ContentView.swift */,
				4343C0E42C88F35D0044ECCA /* EmployeeView.swift */,
				4343C0E62C88F3A00044ECCA /* ManagerView.swift */,
				4343C0E82C88F3FF0044ECCA /* RequestTimeOffView.swift */,
				4343C0EA2C88F4530044ECCA /* CheckBalanceView.swift */,
				4343C0EC2C88F4800044ECCA /* AbsenceHistoryView.swift */,
				4343C0EE2C88F4AB0044ECCA /* ApproveRequestsView.swift */,
				4343C0F02C88F4D00044ECCA /* ViewAbsencesView.swift */,
				4343C0F22C88F4F20044ECCA /* EmployeeDetailsView.swift */,
				4343C0BD2C8826020044ECCA /* Assets.xcassets */,
				4343C0BF2C8826020044ECCA /* a.entitlements */,
				4343C0C02C8826020044ECCA /* Preview Content */,
			);
			path = a;
			sourceTree = "<group>";
		};
		4343C0C02C8826020044ECCA /* Preview Content */ = {
			isa = PBXGroup;
			children = (
				4343C0C12C8826020044ECCA /* Preview Assets.xcassets */,
			);
			path = "Preview Content";
			sourceTree = "<group>";
		};
		4343C0CA2C8826020044ECCA /* aTests */ = {
			isa = PBXGroup;
			children = (
				4343C0CB2C8826020044ECCA /* aTests.swift */,
			);
			path = aTests;
			sourceTree = "<group>";
		};
		4343C0D42C8826020044ECCA /* aUITests */ = {
			isa = PBXGroup;
			children = (
				4343C0D52C8826020044ECCA /* aUITests.swift */,
				4343C0D72C8826020044ECCA /* aUITestsLaunchTests.swift */,
			);
			path = aUITests;
			sourceTree = "<group>";
		};
/* End PBXGroup section */

/* Begin PBXNativeTarget section */
		4343C0B52C8825FF0044ECCA /* a */ = {
			isa = PBXNativeTarget;
			buildConfigurationList = 4343C0DB2C8826020044ECCA /* Build configuration list for PBXNativeTarget "a" */;
			buildPhases = (
				4343C0B22C8825FF0044ECCA /* Sources */,
				4343C0B32C8825FF0044ECCA /* Frameworks */,
				4343C0B42C8825FF0044ECCA /* Resources */,
			);
			buildRules = (
			);
			dependencies = (
			);
			name = a;
			productName = a;
			productReference = 4343C0B62C8825FF0044ECCA /* a.app */;
			productType = "com.apple.product-type.application";
		};
		4343C0C62C8826020044ECCA /* aTests */ = {
			isa = PBXNativeTarget;
			buildConfigurationList = 4343C0DE2C8826020044ECCA /* Build configuration list for PBXNativeTarget "aTests" */;
			buildPhases = (
				4343C0C32C8826020044ECCA /* Sources */,
				4343C0C42C8826020044ECCA /* Frameworks */,
				4343C0C52C8826020044ECCA /* Resources */,
			);
			buildRules = (
			);
			dependencies = (
				4343C0C92C8826020044ECCA /* PBXTargetDependency */,
			);
			name = aTests;
			productName = aTests;
			productReference = 4343C0C72C8826020044ECCA /* aTests.xctest */;
			productType = "com.apple.product-type.bundle.unit-test";
		};
		4343C0D02C8826020044ECCA /* aUITests */ = {
			isa = PBXNativeTarget;
			buildConfigurationList = 4343C0E12C8826020044ECCA /* Build configuration list for PBXNativeTarget "aUITests" */;
			buildPhases = (
				4343C0CD2C8826020044ECCA /* Sources */,
				4343C0CE2C8826020044ECCA /* Frameworks */,
				4343C0CF2C8826020044ECCA /* Resources */,
			);
			buildRules = (
			);
			dependencies = (
				4343C0D32C8826020044ECCA /* PBXTargetDependency */,
			);
			name = aUITests;
			productName = aUITests;
			productReference = 4343C0D12C8826020044ECCA /* aUITests.xctest */;
			productType = "com.apple.product-type.bundle.ui-testing";
		};
/* End PBXNativeTarget section */

/* Begin PBXProject section */
		4343C0AE2C8825FF0044ECCA /* Project object */ = {
			isa = PBXProject;
			attributes = {
				BuildIndependentTargetsInParallel = 1;
				LastSwiftUpdateCheck = 1430;
				LastUpgradeCheck = 1430;
				TargetAttributes = {
					4343C0B52C8825FF0044ECCA = {
						CreatedOnToolsVersion = 14.3.1;
					};
					4343C0C62C8826020044ECCA = {
						CreatedOnToolsVersion = 14.3.1;
						TestTargetID = 4343C0B52C8825FF0044ECCA;
					};
					4343C0D02C8826020044ECCA = {
						CreatedOnToolsVersion = 14.3.1;
						TestTargetID = 4343C0B52C8825FF0044ECCA;
					};
				};
			};
			buildConfigurationList = 4343C0B12C8825FF0044ECCA /* Build configuration list for PBXProject "a" */;
			compatibilityVersion = "Xcode 14.0";
			developmentRegion = en;
			hasScannedForEncodings = 0;
			knownRegions = (
				en,
				Base,
			);
			mainGroup = 4343C0AD2C8825FF0044ECCA;
			productRefGroup = 4343C0B72C8825FF0044ECCA /* Products */;
			projectDirPath = "";
			projectRoot = "";
			targets = (
				4343C0B52C8825FF0044ECCA /* a */,
				4343C0C62C8826020044ECCA /* aTests */,
				4343C0D02C8826020044ECCA /* aUITests */,
			);
		};
/* End PBXProject section */

/* Begin PBXResourcesBuildPhase section */
		4343C0B42C8825FF0044ECCA /* Resources */ = {
			isa = PBXResourcesBuildPhase;
			buildActionMask = 2147483647;
			files = (
				4343C0C22C8826020044ECCA /* Preview Assets.xcassets in Resources */,
				4343C0BE2C8826020044ECCA /* Assets.xcassets in Resources */,
			);
			runOnlyForDeploymentPostprocessing = 0;
		};
		4343C0C52C8826020044ECCA /* Resources */ = {
			isa = PBXResourcesBuildPhase;
			buildActionMask = 2147483647;
			files = (
			);
			runOnlyForDeploymentPostprocessing = 0;
		};
		4343C0CF2C8826020044ECCA /* Resources */ = {
			isa = PBXResourcesBuildPhase;
			buildActionMask = 2147483647;
			files = (
			);
			runOnlyForDeploymentPostprocessing = 0;
		};
/* End PBXResourcesBuildPhase section */

/* Begin PBXSourcesBuildPhase section */
		4343C0B22C8825FF0044ECCA /* Sources */ = {
			isa = PBXSourcesBuildPhase;
			buildActionMask = 2147483647;
			files = (
				4343C0EF2C88F4AB0044ECCA /* ApproveRequestsView.swift in Sources */,
				4343C0F12C88F4D00044ECCA /* ViewAbsencesView.swift in Sources */,
				4343C0BC2C8825FF0044ECCA /* ContentView.swift in Sources */,
				4343C0E52C88F35D0044ECCA /* EmployeeView.swift in Sources */,
				4343C0E72C88F3A00044ECCA /* ManagerView.swift in Sources */,
				4343C0E92C88F3FF0044ECCA /* RequestTimeOffView.swift in Sources */,
				4343C0EB2C88F4530044ECCA /* CheckBalanceView.swift in Sources */,
				4343C0F32C88F4F20044ECCA /* EmployeeDetailsView.swift in Sources */,
				4343C0BA2C8825FF0044ECCA /* aApp.swift in Sources */,
				4343C0ED2C88F4800044ECCA /* AbsenceHistoryView.swift in Sources */,
			);
			runOnlyForDeploymentPostprocessing = 0;
		};
		4343C0C32C8826020044ECCA /* Sources */ = {
			isa = PBXSourcesBuildPhase;
			buildActionMask = 2147483647;
			files = (
				4343C0CC2C8826020044ECCA /* aTests.swift in Sources */,
			);
			runOnlyForDeploymentPostprocessing = 0;
		};
		4343C0CD2C8826020044ECCA /* Sources */ = {
			isa = PBXSourcesBuildPhase;
			buildActionMask = 2147483647;
			files = (
				4343C0D82C8826020044ECCA /* aUITestsLaunchTests.swift in Sources */,
				4343C0D62C8826020044ECCA /* aUITests.swift in Sources */,
			);
			runOnlyForDeploymentPostprocessing = 0;
		};
/* End PBXSourcesBuildPhase section */

/* Begin PBXTargetDependency section */
		4343C0C92C8826020044ECCA /* PBXTargetDependency */ = {
			isa = PBXTargetDependency;
			target = 4343C0B52C8825FF0044ECCA /* a */;
			targetProxy = 4343C0C82C8826020044ECCA /* PBXContainerItemProxy */;
		};
		4343C0D32C8826020044ECCA /* PBXTargetDependency */ = {
			isa = PBXTargetDependency;
			target = 4343C0B52C8825FF0044ECCA /* a */;
			targetProxy = 4343C0D22C8826020044ECCA /* PBXContainerItemProxy */;
		};
/* End PBXTargetDependency section */

/* Begin XCBuildConfiguration section */
		4343C0D92C8826020044ECCA /* Debug */ = {
			isa = XCBuildConfiguration;
			buildSettings = {
				ALWAYS_SEARCH_USER_PATHS = NO;
				CLANG_ANALYZER_NONNULL = YES;
				CLANG_ANALYZER_NUMBER_OBJECT_CONVERSION = YES_AGGRESSIVE;
				CLANG_CXX_LANGUAGE_STANDARD = "gnu++20";
				CLANG_ENABLE_MODULES = YES;
				CLANG_ENABLE_OBJC_ARC = YES;
				CLANG_ENABLE_OBJC_WEAK = YES;
				CLANG_WARN_BLOCK_CAPTURE_AUTORELEASING = YES;
				CLANG_WARN_BOOL_CONVERSION = YES;
				CLANG_WARN_COMMA = YES;
				CLANG_WARN_CONSTANT_CONVERSION = YES;
				CLANG_WARN_DEPRECATED_OBJC_IMPLEMENTATIONS = YES;
				CLANG_WARN_DIRECT_OBJC_ISA_USAGE = YES_ERROR;
				CLANG_WARN_DOCUMENTATION_COMMENTS = YES;
				CLANG_WARN_EMPTY_BODY = YES;
				CLANG_WARN_ENUM_CONVERSION = YES;
				CLANG_WARN_INFINITE_RECURSION = YES;
				CLANG_WARN_INT_CONVERSION = YES;
				CLANG_WARN_NON_LITERAL_NULL_CONVERSION = YES;
				CLANG_WARN_OBJC_IMPLICIT_RETAIN_SELF = YES;
				CLANG_WARN_OBJC_LITERAL_CONVERSION = YES;
				CLANG_WARN_OBJC_ROOT_CLASS = YES_ERROR;
				CLANG_WARN_QUOTED_INCLUDE_IN_FRAMEWORK_HEADER = YES;
				CLANG_WARN_RANGE_LOOP_ANALYSIS = YES;
				CLANG_WARN_STRICT_PROTOTYPES = YES;
				CLANG_WARN_SUSPICIOUS_MOVE = YES;
				CLANG_WARN_UNGUARDED_AVAILABILITY = YES_AGGRESSIVE;
				CLANG_WARN_UNREACHABLE_CODE = YES;
				CLANG_WARN__DUPLICATE_METHOD_MATCH = YES;
				COPY_PHASE_STRIP = NO;
				DEBUG_INFORMATION_FORMAT = dwarf;
				ENABLE_STRICT_OBJC_MSGSEND = YES;
				ENABLE_TESTABILITY = YES;
				GCC_C_LANGUAGE_STANDARD = gnu11;
				GCC_DYNAMIC_NO_PIC = NO;
				GCC_NO_COMMON_BLOCKS = YES;
				GCC_OPTIMIZATION_LEVEL = 0;
				GCC_PREPROCESSOR_DEFINITIONS = (
					"DEBUG=1",
					"$(inherited)",
				);
				GCC_WARN_64_TO_32_BIT_CONVERSION = YES;
				GCC_WARN_ABOUT_RETURN_TYPE = YES_ERROR;
				GCC_WARN_UNDECLARED_SELECTOR = YES;
				GCC_WARN_UNINITIALIZED_AUTOS = YES_AGGRESSIVE;
				GCC_WARN_UNUSED_FUNCTION = YES;
				GCC_WARN_UNUSED_VARIABLE = YES;
				MTL_ENABLE_DEBUG_INFO = INCLUDE_SOURCE;
				MTL_FAST_MATH = YES;
				ONLY_ACTIVE_ARCH = YES;
				SWIFT_ACTIVE_COMPILATION_CONDITIONS = DEBUG;
				SWIFT_OPTIMIZATION_LEVEL = "-Onone";
			};
			name = Debug;
		};
		4343C0DA2C8826020044ECCA /* Release */ = {
			isa = XCBuildConfiguration;
			buildSettings = {
				ALWAYS_SEARCH_USER_PATHS = NO;
				CLANG_ANALYZER_NONNULL = YES;
				CLANG_ANALYZER_NUMBER_OBJECT_CONVERSION = YES_AGGRESSIVE;
				CLANG_CXX_LANGUAGE_STANDARD = "gnu++20";
				CLANG_ENABLE_MODULES = YES;
				CLANG_ENABLE_OBJC_ARC = YES;
				CLANG_ENABLE_OBJC_WEAK = YES;
				CLANG_WARN_BLOCK_CAPTURE_AUTORELEASING = YES;
				CLANG_WARN_BOOL_CONVERSION = YES;
				CLANG_WARN_COMMA = YES;
				CLANG_WARN_CONSTANT_CONVERSION = YES;
				CLANG_WARN_DEPRECATED_OBJC_IMPLEMENTATIONS = YES;
				CLANG_WARN_DIRECT_OBJC_ISA_USAGE = YES_ERROR;
				CLANG_WARN_DOCUMENTATION_COMMENTS = YES;
				CLANG_WARN_EMPTY_BODY = YES;
				CLANG_WARN_ENUM_CONVERSION = YES;
				CLANG_WARN_INFINITE_RECURSION = YES;
				CLANG_WARN_INT_CONVERSION = YES;
				CLANG_WARN_NON_LITERAL_NULL_CONVERSION = YES;
				CLANG_WARN_OBJC_IMPLICIT_RETAIN_SELF = YES;
				CLANG_WARN_OBJC_LITERAL_CONVERSION = YES;
				CLANG_WARN_OBJC_ROOT_CLASS = YES_ERROR;
				CLANG_WARN_QUOTED_INCLUDE_IN_FRAMEWORK_HEADER = YES;
				CLANG_WARN_RANGE_LOOP_ANALYSIS = YES;
				CLANG_WARN_STRICT_PROTOTYPES = YES;
				CLANG_WARN_SUSPICIOUS_MOVE = YES;
				CLANG_WARN_UNGUARDED_AVAILABILITY = YES_AGGRESSIVE;
				CLANG_WARN_UNREACHABLE_CODE = YES;
				CLANG_WARN__DUPLICATE_METHOD_MATCH = YES;
				COPY_PHASE_STRIP = NO;
				DEBUG_INFORMATION_FORMAT = "dwarf-with-dsym";
				ENABLE_NS_ASSERTIONS = NO;
				ENABLE_STRICT_OBJC_MSGSEND = YES;
				GCC_C_LANGUAGE_STANDARD = gnu11;
				GCC_NO_COMMON_BLOCKS = YES;
				GCC_WARN_64_TO_32_BIT_CONVERSION = YES;
				GCC_WARN_ABOUT_RETURN_TYPE = YES_ERROR;
				GCC_WARN_UNDECLARED_SELECTOR = YES;
				GCC_WARN_UNINITIALIZED_AUTOS = YES_AGGRESSIVE;
				GCC_WARN_UNUSED_FUNCTION = YES;
				GCC_WARN_UNUSED_VARIABLE = YES;
				MTL_ENABLE_DEBUG_INFO = NO;
				MTL_FAST_MATH = YES;
				SWIFT_COMPILATION_MODE = wholemodule;
				SWIFT_OPTIMIZATION_LEVEL = "-O";
			};
			name = Release;
		};
		4343C0DC2C8826020044ECCA /* Debug */ = {
			isa = XCBuildConfiguration;
			buildSettings = {
				ASSETCATALOG_COMPILER_APPICON_NAME = AppIcon;
				ASSETCATALOG_COMPILER_GLOBAL_ACCENT_COLOR_NAME = AccentColor;
				CODE_SIGN_ENTITLEMENTS = a/a.entitlements;
				CODE_SIGN_STYLE = Automatic;
				CURRENT_PROJECT_VERSION = 1;
				DEVELOPMENT_ASSET_PATHS = "\"a/Preview Content\"";
				ENABLE_PREVIEWS = YES;
				GENERATE_INFOPLIST_FILE = YES;
				"INFOPLIST_KEY_UIApplicationSceneManifest_Generation[sdk=iphoneos*]" = YES;
				"INFOPLIST_KEY_UIApplicationSceneManifest_Generation[sdk=iphonesimulator*]" = YES;
				"INFOPLIST_KEY_UIApplicationSupportsIndirectInputEvents[sdk=iphoneos*]" = YES;
				"INFOPLIST_KEY_UIApplicationSupportsIndirectInputEvents[sdk=iphonesimulator*]" = YES;
				"INFOPLIST_KEY_UILaunchScreen_Generation[sdk=iphoneos*]" = YES;
				"INFOPLIST_KEY_UILaunchScreen_Generation[sdk=iphonesimulator*]" = YES;
				"INFOPLIST_KEY_UIStatusBarStyle[sdk=iphoneos*]" = UIStatusBarStyleDefault;
				"INFOPLIST_KEY_UIStatusBarStyle[sdk=iphonesimulator*]" = UIStatusBarStyleDefault;
				INFOPLIST_KEY_UISupportedInterfaceOrientations_iPad = "UIInterfaceOrientationPortrait UIInterfaceOrientationPortraitUpsideDown UIInterfaceOrientationLandscapeLeft UIInterfaceOrientationLandscapeRight";
				INFOPLIST_KEY_UISupportedInterfaceOrientations_iPhone = "UIInterfaceOrientationPortrait UIInterfaceOrientationLandscapeLeft UIInterfaceOrientationLandscapeRight";
				IPHONEOS_DEPLOYMENT_TARGET = 16.4;
				LD_RUNPATH_SEARCH_PATHS = "@executable_path/Frameworks";
				"LD_RUNPATH_SEARCH_PATHS[sdk=macosx*]" = "@executable_path/../Frameworks";
				MACOSX_DEPLOYMENT_TARGET = 13.3;
				MARKETING_VERSION = 1.0;
				PRODUCT_BUNDLE_IDENTIFIER = w.a;
				PRODUCT_NAME = "$(TARGET_NAME)";
				SDKROOT = auto;
				SUPPORTED_PLATFORMS = "iphoneos iphonesimulator macosx";
				SWIFT_EMIT_LOC_STRINGS = YES;
				SWIFT_VERSION = 5.0;
				TARGETED_DEVICE_FAMILY = "1,2";
			};
			name = Debug;
		};
		4343C0DD2C8826020044ECCA /* Release */ = {
			isa = XCBuildConfiguration;
			buildSettings = {
				ASSETCATALOG_COMPILER_APPICON_NAME = AppIcon;
				ASSETCATALOG_COMPILER_GLOBAL_ACCENT_COLOR_NAME = AccentColor;
				CODE_SIGN_ENTITLEMENTS = a/a.entitlements;
				CODE_SIGN_STYLE = Automatic;
				CURRENT_PROJECT_VERSION = 1;
				DEVELOPMENT_ASSET_PATHS = "\"a/Preview Content\"";
				ENABLE_PREVIEWS = YES;
				GENERATE_INFOPLIST_FILE = YES;
				"INFOPLIST_KEY_UIApplicationSceneManifest_Generation[sdk=iphoneos*]" = YES;
				"INFOPLIST_KEY_UIApplicationSceneManifest_Generation[sdk=iphonesimulator*]" = YES;
				"INFOPLIST_KEY_UIApplicationSupportsIndirectInputEvents[sdk=iphoneos*]" = YES;
				"INFOPLIST_KEY_UIApplicationSupportsIndirectInputEvents[sdk=iphonesimulator*]" = YES;
				"INFOPLIST_KEY_UILaunchScreen_Generation[sdk=iphoneos*]" = YES;
				"INFOPLIST_KEY_UILaunchScreen_Generation[sdk=iphonesimulator*]" = YES;
				"INFOPLIST_KEY_UIStatusBarStyle[sdk=iphoneos*]" = UIStatusBarStyleDefault;
				"INFOPLIST_KEY_UIStatusBarStyle[sdk=iphonesimulator*]" = UIStatusBarStyleDefault;
				INFOPLIST_KEY_UISupportedInterfaceOrientations_iPad = "UIInterfaceOrientationPortrait UIInterfaceOrientationPortraitUpsideDown UIInterfaceOrientationLandscapeLeft UIInterfaceOrientationLandscapeRight";
				INFOPLIST_KEY_UISupportedInterfaceOrientations_iPhone = "UIInterfaceOrientationPortrait UIInterfaceOrientationLandscapeLeft UIInterfaceOrientationLandscapeRight";
				IPHONEOS_DEPLOYMENT_TARGET = 16.4;
				LD_RUNPATH_SEARCH_PATHS = "@executable_path/Frameworks";
				"LD_RUNPATH_SEARCH_PATHS[sdk=macosx*]" = "@executable_path/../Frameworks";
				MACOSX_DEPLOYMENT_TARGET = 13.3;
				MARKETING_VERSION = 1.0;
				PRODUCT_BUNDLE_IDENTIFIER = w.a;
				PRODUCT_NAME = "$(TARGET_NAME)";
				SDKROOT = auto;
				SUPPORTED_PLATFORMS = "iphoneos iphonesimulator macosx";
				SWIFT_EMIT_LOC_STRINGS = YES;
				SWIFT_VERSION = 5.0;
				TARGETED_DEVICE_FAMILY = "1,2";
			};
			name = Release;
		};
		4343C0DF2C8826020044ECCA /* Debug */ = {
			isa = XCBuildConfiguration;
			buildSettings = {
				ALWAYS_EMBED_SWIFT_STANDARD_LIBRARIES = YES;
				BUNDLE_LOADER = "$(TEST_HOST)";
				CODE_SIGN_STYLE = Automatic;
				CURRENT_PROJECT_VERSION = 1;
				GENERATE_INFOPLIST_FILE = YES;
				IPHONEOS_DEPLOYMENT_TARGET = 16.4;
				MACOSX_DEPLOYMENT_TARGET = 13.3;
				MARKETING_VERSION = 1.0;
				PRODUCT_BUNDLE_IDENTIFIER = w.aTests;
				PRODUCT_NAME = "$(TARGET_NAME)";
				SDKROOT = auto;
				SUPPORTED_PLATFORMS = "iphoneos iphonesimulator macosx";
				SWIFT_EMIT_LOC_STRINGS = NO;
				SWIFT_VERSION = 5.0;
				TARGETED_DEVICE_FAMILY = "1,2";
				TEST_HOST = "$(BUILT_PRODUCTS_DIR)/a.app/$(BUNDLE_EXECUTABLE_FOLDER_PATH)/a";
			};
			name = Debug;
		};
		4343C0E02C8826020044ECCA /* Release */ = {
			isa = XCBuildConfiguration;
			buildSettings = {
				ALWAYS_EMBED_SWIFT_STANDARD_LIBRARIES = YES;
				BUNDLE_LOADER = "$(TEST_HOST)";
				CODE_SIGN_STYLE = Automatic;
				CURRENT_PROJECT_VERSION = 1;
				GENERATE_INFOPLIST_FILE = YES;
				IPHONEOS_DEPLOYMENT_TARGET = 16.4;
				MACOSX_DEPLOYMENT_TARGET = 13.3;
				MARKETING_VERSION = 1.0;
				PRODUCT_BUNDLE_IDENTIFIER = w.aTests;
				PRODUCT_NAME = "$(TARGET_NAME)";
				SDKROOT = auto;
				SUPPORTED_PLATFORMS = "iphoneos iphonesimulator macosx";
				SWIFT_EMIT_LOC_STRINGS = NO;
				SWIFT_VERSION = 5.0;
				TARGETED_DEVICE_FAMILY = "1,2";
				TEST_HOST = "$(BUILT_PRODUCTS_DIR)/a.app/$(BUNDLE_EXECUTABLE_FOLDER_PATH)/a";
			};
			name = Release;
		};
		4343C0E22C8826020044ECCA /* Debug */ = {
			isa = XCBuildConfiguration;
			buildSettings = {
				ALWAYS_EMBED_SWIFT_STANDARD_LIBRARIES = YES;
				CODE_SIGN_STYLE = Automatic;
				CURRENT_PROJECT_VERSION = 1;
				GENERATE_INFOPLIST_FILE = YES;
				IPHONEOS_DEPLOYMENT_TARGET = 16.4;
				MACOSX_DEPLOYMENT_TARGET = 13.3;
				MARKETING_VERSION = 1.0;
				PRODUCT_BUNDLE_IDENTIFIER = w.aUITests;
				PRODUCT_NAME = "$(TARGET_NAME)";
				SDKROOT = auto;
				SUPPORTED_PLATFORMS = "iphoneos iphonesimulator macosx";
				SWIFT_EMIT_LOC_STRINGS = NO;
				SWIFT_VERSION = 5.0;
				TARGETED_DEVICE_FAMILY = "1,2";
				TEST_TARGET_NAME = a;
			};
			name = Debug;
		};
		4343C0E32C8826020044ECCA /* Release */ = {
			isa = XCBuildConfiguration;
			buildSettings = {
				ALWAYS_EMBED_SWIFT_STANDARD_LIBRARIES = YES;
				CODE_SIGN_STYLE = Automatic;
				CURRENT_PROJECT_VERSION = 1;
				GENERATE_INFOPLIST_FILE = YES;
				IPHONEOS_DEPLOYMENT_TARGET = 16.4;
				MACOSX_DEPLOYMENT_TARGET = 13.3;
				MARKETING_VERSION = 1.0;
				PRODUCT_BUNDLE_IDENTIFIER = w.aUITests;
				PRODUCT_NAME = "$(TARGET_NAME)";
				SDKROOT = auto;
				SUPPORTED_PLATFORMS = "iphoneos iphonesimulator macosx";
				SWIFT_EMIT_LOC_STRINGS = NO;
				SWIFT_VERSION = 5.0;
				TARGETED_DEVICE_FAMILY = "1,2";
				TEST_TARGET_NAME = a;
			};
			name = Release;
		};
/* End XCBuildConfiguration section */

/* Begin XCConfigurationList section */
		4343C0B12C8825FF0044ECCA /* Build configuration list for PBXProject "a" */ = {
			isa = XCConfigurationList;
			buildConfigurations = (
				4343C0D92C8826020044ECCA /* Debug */,
				4343C0DA2C8826020044ECCA /* Release */,
			);
			defaultConfigurationIsVisible = 0;
			defaultConfigurationName = Release;
		};
		4343C0DB2C8826020044ECCA /* Build configuration list for PBXNativeTarget "a" */ = {
			isa = XCConfigurationList;
			buildConfigurations = (
				4343C0DC2C8826020044ECCA /* Debug */,
				4343C0DD2C8826020044ECCA /* Release */,
			);
			defaultConfigurationIsVisible = 0;
			defaultConfigurationName = Release;
		};
		4343C0DE2C8826020044ECCA /* Build configuration list for PBXNativeTarget "aTests" */ = {
			isa = XCConfigurationList;
			buildConfigurations = (
				4343C0DF2C8826020044ECCA /* Debug */,
				4343C0E02C8826020044ECCA /* Release */,
			);
			defaultConfigurationIsVisible = 0;
			defaultConfigurationName = Release;
		};
		4343C0E12C8826020044ECCA /* Build configuration list for PBXNativeTarget "aUITests" */ = {
			isa = XCConfigurationList;
			buildConfigurations = (
				4343C0E22C8826020044ECCA /* Debug */,
				4343C0E32C8826020044ECCA /* Release */,
			);
			defaultConfigurationIsVisible = 0;
			defaultConfigurationName = Release;
		};
/* End XCConfigurationList section */
	};
	rootObject = 4343C0AE2C8825FF0044ECCA /* Project object */;
}
